
Microsoft Visual Studio Solution File, Format Version 12.00
# Visual Studio Version 17
VisualStudioVersion = 17.7.34031.279
MinimumVisualStudioVersion = 10.0.40219.1
Project("{FAE04EC0-301F-11D3-BF4B-00C04F79EFBC}") = "RefactorizarCodigo", "RefactorizarCodigo\RefactorizarCodigo.csproj", "{EC65ED33-EC3B-4450-9B56-A7FA3934E17A}"
EndProject
Global
	GlobalSection(SolutionConfigurationPlatforms) = preSolution
		Debug|Any CPU = Debug|Any CPU
		Release|Any CPU = Release|Any CPU
	EndGlobalSection
	GlobalSection(ProjectConfigurationPlatforms) = postSolution
		{EC65ED33-EC3B-4450-9B56-A7FA3934E17A}.Debug|Any CPU.ActiveCfg = Debug|Any CPU
		{EC65ED33-EC3B-4450-9B56-A7FA3934E17A}.Debug|Any CPU.Build.0 = Debug|Any CPU
		{EC65ED33-EC3B-4450-9B56-A7FA3934E17A}.Release|Any CPU.ActiveCfg = Release|Any CPU
		{EC65ED33-EC3B-4450-9B56-A7FA3934E17A}.Release|Any CPU.Build.0 = Release|Any CPU
	EndGlobalSection
	GlobalSection(SolutionProperties) = preSolution
		HideSolutionNode = FALSE
	EndGlobalSection
	GlobalSection(ExtensibilityGlobals) = postSolution
		SolutionGuid = {3B871442-1195-49A1-92B7-0F6BA72BF79F}
	EndGlobalSection
EndGlobal
