
Microsoft Visual Studio Solution File, Format Version 12.00
# Visual Studio Version 17
VisualStudioVersion = 17.7.34031.279
MinimumVisualStudioVersion = 10.0.40219.1
Project("{FAE04EC0-301F-11D3-BF4B-00C04F79EFBC}") = "ExpenseIt", "ExpenseIt\ExpenseIt.csproj", "{D6F918EA-E852-4CC0-9074-B62911DFA9BE}"
EndProject
Global
	GlobalSection(SolutionConfigurationPlatforms) = preSolution
		Debug|Any CPU = Debug|Any CPU
		Release|Any CPU = Release|Any CPU
	EndGlobalSection
	GlobalSection(ProjectConfigurationPlatforms) = postSolution
		{D6F918EA-E852-4CC0-9074-B62911DFA9BE}.Debug|Any CPU.ActiveCfg = Debug|Any CPU
		{D6F918EA-E852-4CC0-9074-B62911DFA9BE}.Debug|Any CPU.Build.0 = Debug|Any CPU
		{D6F918EA-E852-4CC0-9074-B62911DFA9BE}.Release|Any CPU.ActiveCfg = Release|Any CPU
		{D6F918EA-E852-4CC0-9074-B62911DFA9BE}.Release|Any CPU.Build.0 = Release|Any CPU
	EndGlobalSection
	GlobalSection(SolutionProperties) = preSolution
		HideSolutionNode = FALSE
	EndGlobalSection
	GlobalSection(ExtensibilityGlobals) = postSolution
		SolutionGuid = {636B5E76-B2E4-41B2-9999-A6024303F7DC}
	EndGlobalSection
EndGlobal
